// !$*UTF8*$!
{
	archiveVersion = 1;
	classes = {
	};
	objectVersion = 46;
	objects = {

/* Begin PBXBuildFile section */
		BE0CDB371EF46B3C00710F5F /* AppDelegate.swift in Sources */ = {isa = PBXBuildFile; fileRef = BE0CDB361EF46B3C00710F5F /* AppDelegate.swift */; };
		BE0CDB391EF46B3C00710F5F /* ViewController.swift in Sources */ = {isa = PBXBuildFile; fileRef = BE0CDB381EF46B3C00710F5F /* ViewController.swift */; };
		BE0CDB3C1EF46B3D00710F5F /* Main.storyboard in Resources */ = {isa = PBXBuildFile; fileRef = BE0CDB3A1EF46B3D00710F5F /* Main.storyboard */; };
		BE0CDB3E1EF46B3D00710F5F /* Assets.xcassets in Resources */ = {isa = PBXBuildFile; fileRef = BE0CDB3D1EF46B3D00710F5F /* Assets.xcassets */; };
		BE0CDB411EF46B3D00710F5F /* LaunchScreen.storyboard in Resources */ = {isa = PBXBuildFile; fileRef = BE0CDB3F1EF46B3D00710F5F /* LaunchScreen.storyboard */; };
/* End PBXBuildFile section */

/* Begin PBXFileReference section */
		BE0CDB331EF46B3C00710F5F /* Stackada-Stack.app */ = {isa = PBXFileReference; explicitFileType = wrapper.application; includeInIndex = 0; path = "Stackada-Stack.app"; sourceTree = BUILT_PRODUCTS_DIR; };
		BE0CDB361EF46B3C00710F5F /* AppDelegate.swift */ = {isa = PBXFileReference; lastKnownFileType = sourcecode.swift; path = AppDelegate.swift; sourceTree = "<group>"; };
		BE0CDB381EF46B3C00710F5F /* ViewController.swift */ = {isa = PBXFileReference; lastKnownFileType = sourcecode.swift; path = ViewController.swift; sourceTree = "<group>"; };
		BE0CDB3B1EF46B3D00710F5F /* Base */ = {isa = PBXFileReference; lastKnownFileType = file.storyboard; name = Base; path = Base.lproj/Main.storyboard; sourceTree = "<group>"; };
		BE0CDB3D1EF46B3D00710F5F /* Assets.xcassets */ = {isa = PBXFileReference; lastKnownFileType = folder.assetcatalog; path = Assets.xcassets; sourceTree = "<group>"; };
		BE0CDB401EF46B3D00710F5F /* Base */ = {isa = PBXFileReference; lastKnownFileType = file.storyboard; name = Base; path = Base.lproj/LaunchScreen.storyboard; sourceTree = "<group>"; };
		BE0CDB421EF46B3D00710F5F /* Info.plist */ = {isa = PBXFileReference; lastKnownFileType = text.plist.xml; path = Info.plist; sourceTree = "<group>"; };
/* End PBXFileReference section */

/* Begin PBXFrameworksBuildPhase section */
		BE0CDB301EF46B3C00710F5F /* Frameworks */ = {
			isa = PBXFrameworksBuildPhase;
			buildActionMask = 2147483647;
			files = (
			);
			runOnlyForDeploymentPostprocessing = 0;
		};
/* End PBXFrameworksBuildPhase section */

/* Begin PBXGroup section */
		BE0CDB2A1EF46B3C00710F5F = {
			isa = PBXGroup;
			children = (
				BE0CDB351EF46B3C00710F5F /* Stackada-Stack */,
				BE0CDB341EF46B3C00710F5F /* Products */,
			);
			sourceTree = "<group>";
		};
		BE0CDB341EF46B3C00710F5F /* Products */ = {
			isa = PBXGroup;
			children = (
				BE0CDB331EF46B3C00710F5F /* Stackada-Stack.app */,
			);
			name = Products;
			sourceTree = "<group>";
		};
		BE0CDB351EF46B3C00710F5F /* Stackada-Stack */ = {
			isa = PBXGroup;
			children = (
				BE0CDB361EF46B3C00710F5F /* AppDelegate.swift */,
				BE0CDB381EF46B3C00710F5F /* ViewController.swift */,
				BE0CDB3A1EF46B3D00710F5F /* Main.storyboard */,
				BE0CDB3D1EF46B3D00710F5F /* Assets.xcassets */,
				BE0CDB3F1EF46B3D00710F5F /* LaunchScreen.storyboard */,
				BE0CDB421EF46B3D00710F5F /* Info.plist */,
			);
			path = "Stackada-Stack";
			sourceTree = "<group>";
		};
/* End PBXGroup section */

/* Begin PBXNativeTarget section */
		BE0CDB321EF46B3C00710F5F /* Stackada-Stack */ = {
			isa = PBXNativeTarget;
			buildConfigurationList = BE0CDB451EF46B3D00710F5F /* Build configuration list for PBXNativeTarget "Stackada-Stack" */;
			buildPhases = (
				BE0CDB2F1EF46B3C00710F5F /* Sources */,
				BE0CDB301EF46B3C00710F5F /* Frameworks */,
				BE0CDB311EF46B3C00710F5F /* Resources */,
			);
			buildRules = (
			);
			dependencies = (
			);
			name = "Stackada-Stack";
			productName = "Stackada-Stack";
			productReference = BE0CDB331EF46B3C00710F5F /* Stackada-Stack.app */;
			productType = "com.apple.product-type.application";
		};
/* End PBXNativeTarget section */

/* Begin PBXProject section */
		BE0CDB2B1EF46B3C00710F5F /* Project object */ = {
			isa = PBXProject;
			attributes = {
				LastSwiftUpdateCheck = 0830;
				LastUpgradeCheck = 0830;
				ORGANIZATIONNAME = Lichtverbunden;
				TargetAttributes = {
					BE0CDB321EF46B3C00710F5F = {
						CreatedOnToolsVersion = 8.3.3;
						DevelopmentTeam = N44J6L5WWP;
						ProvisioningStyle = Automatic;
					};
				};
			};
			buildConfigurationList = BE0CDB2E1EF46B3C00710F5F /* Build configuration list for PBXProject "Stackada-Stack" */;
			compatibilityVersion = "Xcode 3.2";
			developmentRegion = English;
			hasScannedForEncodings = 0;
			knownRegions = (
				en,
				Base,
			);
			mainGroup = BE0CDB2A1EF46B3C00710F5F;
			productRefGroup = BE0CDB341EF46B3C00710F5F /* Products */;
			projectDirPath = "";
			projectRoot = "";
			targets = (
				BE0CDB321EF46B3C00710F5F /* Stackada-Stack */,
			);
		};
/* End PBXProject section */

/* Begin PBXResourcesBuildPhase section */
		BE0CDB311EF46B3C00710F5F /* Resources */ = {
			isa = PBXResourcesBuildPhase;
			buildActionMask = 2147483647;
			files = (
				BE0CDB411EF46B3D00710F5F /* LaunchScreen.storyboard in Resources */,
				BE0CDB3E1EF46B3D00710F5F /* Assets.xcassets in Resources */,
				BE0CDB3C1EF46B3D00710F5F /* Main.storyboard in Resources */,
			);
			runOnlyForDeploymentPostprocessing = 0;
		};
/* End PBXResourcesBuildPhase section */

/* Begin PBXSourcesBuildPhase section */
		BE0CDB2F1EF46B3C00710F5F /* Sources */ = {
			isa = PBXSourcesBuildPhase;
			buildActionMask = 2147483647;
			files = (
				BE0CDB391EF46B3C00710F5F /* ViewController.swift in Sources */,
				BE0CDB371EF46B3C00710F5F /* AppDelegate.swift in Sources */,
			);
			runOnlyForDeploymentPostprocessing = 0;
		};
/* End PBXSourcesBuildPhase section */

/* Begin PBXVariantGroup section */
		BE0CDB3A1EF46B3D00710F5F /* Main.storyboard */ = {
			isa = PBXVariantGroup;
			children = (
				BE0CDB3B1EF46B3D00710F5F /* Base */,
			);
			name = Main.storyboard;
			sourceTree = "<group>";
		};
		BE0CDB3F1EF46B3D00710F5F /* LaunchScreen.storyboard */ = {
			isa = PBXVariantGroup;
			children = (
				BE0CDB401EF46B3D00710F5F /* Base */,
			);
			name = LaunchScreen.storyboard;
			sourceTree = "<group>";
		};
/* End PBXVariantGroup section */

/* Begin XCBuildConfiguration section */
		BE0CDB431EF46B3D00710F5F /* Debug */ = {
			isa = XCBuildConfiguration;
			buildSettings = {
				ALWAYS_SEARCH_USER_PATHS = NO;
				CLANG_ANALYZER_NONNULL = YES;
				CLANG_ANALYZER_NUMBER_OBJECT_CONVERSION = YES_AGGRESSIVE;
				CLANG_CXX_LANGUAGE_STANDARD = "gnu++0x";
				CLANG_CXX_LIBRARY = "libc++";
				CLANG_ENABLE_MODULES = YES;
				CLANG_ENABLE_OBJC_ARC = YES;
				CLANG_WARN_BOOL_CONVERSION = YES;
				CLANG_WARN_CONSTANT_CONVERSION = YES;
				CLANG_WARN_DIRECT_OBJC_ISA_USAGE = YES_ERROR;
				CLANG_WARN_DOCUMENTATION_COMMENTS = YES;
				CLANG_WARN_EMPTY_BODY = YES;
				CLANG_WARN_ENUM_CONVERSION = YES;
				CLANG_WARN_INFINITE_RECURSION = YES;
				CLANG_WARN_INT_CONVERSION = YES;
				CLANG_WARN_OBJC_ROOT_CLASS = YES_ERROR;
				CLANG_WARN_SUSPICIOUS_MOVE = YES;
				CLANG_WARN_UNREACHABLE_CODE = YES;
				CLANG_WARN__DUPLICATE_METHOD_MATCH = YES;
				"CODE_SIGN_IDENTITY[sdk=iphoneos*]" = "iPhone Developer";
				COPY_PHASE_STRIP = NO;
				DEBUG_INFORMATION_FORMAT = dwarf;
				ENABLE_STRICT_OBJC_MSGSEND = YES;
				ENABLE_TESTABILITY = YES;
				GCC_C_LANGUAGE_STANDARD = gnu99;
				GCC_DYNAMIC_NO_PIC = NO;
				GCC_NO_COMMON_BLOCKS = YES;
				GCC_OPTIMIZATION_LEVEL = 0;
				GCC_PREPROCESSOR_DEFINITIONS = (
					"DEBUG=1",
					"$(inherited)",
				);
				GCC_WARN_64_TO_32_BIT_CONVERSION = YES;
				GCC_WARN_ABOUT_RETURN_TYPE = YES_ERROR;
				GCC_WARN_UNDECLARED_SELECTOR = YES;
				GCC_WARN_UNINITIALIZED_AUTOS = YES_AGGRESSIVE;
				GCC_WARN_UNUSED_FUNCTION = YES;
				GCC_WARN_UNUSED_VARIABLE = YES;
				IPHONEOS_DEPLOYMENT_TARGET = 10.3;
				MTL_ENABLE_DEBUG_INFO = YES;
				ONLY_ACTIVE_ARCH = YES;
				SDKROOT = iphoneos;
				SWIFT_ACTIVE_COMPILATION_CONDITIONS = DEBUG;
				SWIFT_OPTIMIZATION_LEVEL = "-Onone";
				TARGETED_DEVICE_FAMILY = "1,2";
			};
			name = Debug;
		};
		BE0CDB441EF46B3D00710F5F /* Release */ = {
			isa = XCBuildConfiguration;
			buildSettings = {
				ALWAYS_SEARCH_USER_PATHS = NO;
				CLANG_ANALYZER_NONNULL = YES;
				CLANG_ANALYZER_NUMBER_OBJECT_CONVERSION = YES_AGGRESSIVE;
				CLANG_CXX_LANGUAGE_STANDARD = "gnu++0x";
				CLANG_CXX_LIBRARY = "libc++";
				CLANG_ENABLE_MODULES = YES;
				CLANG_ENABLE_OBJC_ARC = YES;
				CLANG_WARN_BOOL_CONVERSION = YES;
				CLANG_WARN_CONSTANT_CONVERSION = YES;
				CLANG_WARN_DIRECT_OBJC_ISA_USAGE = YES_ERROR;
				CLANG_WARN_DOCUMENTATION_COMMENTS = YES;
				CLANG_WARN_EMPTY_BODY = YES;
				CLANG_WARN_ENUM_CONVERSION = YES;
				CLANG_WARN_INFINITE_RECURSION = YES;
				CLANG_WARN_INT_CONVERSION = YES;
				CLANG_WARN_OBJC_ROOT_CLASS = YES_ERROR;
				CLANG_WARN_SUSPICIOUS_MOVE = YES;
				CLANG_WARN_UNREACHABLE_CODE = YES;
				CLANG_WARN__DUPLICATE_METHOD_MATCH = YES;
				"CODE_SIGN_IDENTITY[sdk=iphoneos*]" = "iPhone Developer";
				COPY_PHASE_STRIP = NO;
				DEBUG_INFORMATION_FORMAT = "dwarf-with-dsym";
				ENABLE_NS_ASSERTIONS = NO;
				ENABLE_STRICT_OBJC_MSGSEND = YES;
				GCC_C_LANGUAGE_STANDARD = gnu99;
				GCC_NO_COMMON_BLOCKS = YES;
				GCC_WARN_64_TO_32_BIT_CONVERSION = YES;
				GCC_WARN_ABOUT_RETURN_TYPE = YES_ERROR;
				GCC_WARN_UNDECLARED_SELECTOR = YES;
				GCC_WARN_UNINITIALIZED_AUTOS = YES_AGGRESSIVE;
				GCC_WARN_UNUSED_FUNCTION = YES;
				GCC_WARN_UNUSED_VARIABLE = YES;
				IPHONEOS_DEPLOYMENT_TARGET = 10.3;
				MTL_ENABLE_DEBUG_INFO = NO;
				SDKROOT = iphoneos;
				SWIFT_OPTIMIZATION_LEVEL = "-Owholemodule";
				TARGETED_DEVICE_FAMILY = "1,2";
				VALIDATE_PRODUCT = YES;
			};
			name = Release;
		};
		BE0CDB461EF46B3D00710F5F /* Debug */ = {
			isa = XCBuildConfiguration;
			buildSettings = {
				ASSETCATALOG_COMPILER_APPICON_NAME = AppIcon;
				DEVELOPMENT_TEAM = N44J6L5WWP;
				INFOPLIST_FILE = "Stackada-Stack/Info.plist";
				LD_RUNPATH_SEARCH_PATHS = "$(inherited) @executable_path/Frameworks";
				PRODUCT_BUNDLE_IDENTIFIER = "lu.lichtverbunden.Stackada-Stack";
				PRODUCT_NAME = "$(TARGET_NAME)";
				SWIFT_VERSION = 3.0;
			};
			name = Debug;
		};
		BE0CDB471EF46B3D00710F5F /* Release */ = {
			isa = XCBuildConfiguration;
			buildSettings = {
				ASSETCATALOG_COMPILER_APPICON_NAME = AppIcon;
				DEVELOPMENT_TEAM = N44J6L5WWP;
				INFOPLIST_FILE = "Stackada-Stack/Info.plist";
				LD_RUNPATH_SEARCH_PATHS = "$(inherited) @executable_path/Frameworks";
				PRODUCT_BUNDLE_IDENTIFIER = "lu.lichtverbunden.Stackada-Stack";
				PRODUCT_NAME = "$(TARGET_NAME)";
				SWIFT_VERSION = 3.0;
			};
			name = Release;
		};
/* End XCBuildConfiguration section */

/* Begin XCConfigurationList section */
		BE0CDB2E1EF46B3C00710F5F /* Build configuration list for PBXProject "Stackada-Stack" */ = {
			isa = XCConfigurationList;
			buildConfigurations = (
				BE0CDB431EF46B3D00710F5F /* Debug */,
				BE0CDB441EF46B3D00710F5F /* Release */,
			);
			defaultConfigurationIsVisible = 0;
			defaultConfigurationName = Release;
		};
		BE0CDB451EF46B3D00710F5F /* Build configuration list for PBXNativeTarget "Stackada-Stack" */ = {
			isa = XCConfigurationList;
			buildConfigurations = (
				BE0CDB461EF46B3D00710F5F /* Debug */,
				BE0CDB471EF46B3D00710F5F /* Release */,
			);
			defaultConfigurationIsVisible = 0;
		};
/* End XCConfigurationList section */
	};
	rootObject = BE0CDB2B1EF46B3C00710F5F /* Project object */;
}
